
Microsoft Visual Studio Solution File, Format Version 12.00
# Visual Studio Version 17
VisualStudioVersion = 17.3.32922.545
MinimumVisualStudioVersion = 10.0.40219.1
Project("{FAE04EC0-301F-11D3-BF4B-00C04F79EFBC}") = "CodeReview.TopicManagement.Api", "CodeReview.TopicManagement.Api\CodeReview.TopicManagement.Api.csproj", "{FB9C9AA2-0C4B-4573-A62D-89B3061F6913}"
EndProject
Global
	GlobalSection(SolutionConfigurationPlatforms) = preSolution
		Debug|Any CPU = Debug|Any CPU
		Release|Any CPU = Release|Any CPU
	EndGlobalSection
	GlobalSection(ProjectConfigurationPlatforms) = postSolution
		{FB9C9AA2-0C4B-4573-A62D-89B3061F6913}.Debug|Any CPU.ActiveCfg = Debug|Any CPU
		{FB9C9AA2-0C4B-4573-A62D-89B3061F6913}.Debug|Any CPU.Build.0 = Debug|Any CPU
		{FB9C9AA2-0C4B-4573-A62D-89B3061F6913}.Release|Any CPU.ActiveCfg = Release|Any CPU
		{FB9C9AA2-0C4B-4573-A62D-89B3061F6913}.Release|Any CPU.Build.0 = Release|Any CPU
	EndGlobalSection
	GlobalSection(SolutionProperties) = preSolution
		HideSolutionNode = FALSE
	EndGlobalSection
	GlobalSection(ExtensibilityGlobals) = postSolution
		SolutionGuid = {3EB3A3BE-1196-46C4-B920-17987DBCDABA}
	EndGlobalSection
EndGlobal
